
Microsoft Visual Studio Solution File, Format Version 12.00
# Visual Studio 15
VisualStudioVersion = 15.0.28307.421
MinimumVisualStudioVersion = 10.0.40219.1
Project("{9A19103F-16F7-4668-BE54-9A1E7A4F7556}") = "FinnAir.Api", "FinnAir.Api\FinnAir.Api.csproj", "{6371F3A5-6CA5-4897-AF28-413AE36886A9}"
EndProject
Project("{9A19103F-16F7-4668-BE54-9A1E7A4F7556}") = "FinnAir.Test", "FinnAir.Test\FinnAir.Test.csproj", "{48BC5351-6736-4D83-ABFD-21FC662D3C06}"
EndProject
Project("{FAE04EC0-301F-11D3-BF4B-00C04F79EFBC}") = "FinnAir.BusinessLogic", "FinnAir.BusinessLogic\FinnAir.BusinessLogic.csproj", "{740A9706-2777-461D-BBAE-8617FB1CC0B1}"
EndProject
Project("{FAE04EC0-301F-11D3-BF4B-00C04F79EFBC}") = "FinnAir.DataLayer", "FinnAir.DataLayer\FinnAir.DataLayer.csproj", "{85A39199-BB5A-42BE-9A44-2BE541216911}"
EndProject
Global
	GlobalSection(SolutionConfigurationPlatforms) = preSolution
		Debug|Any CPU = Debug|Any CPU
		Release|Any CPU = Release|Any CPU
	EndGlobalSection
	GlobalSection(ProjectConfigurationPlatforms) = postSolution
		{6371F3A5-6CA5-4897-AF28-413AE36886A9}.Debug|Any CPU.ActiveCfg = Debug|Any CPU
		{6371F3A5-6CA5-4897-AF28-413AE36886A9}.Debug|Any CPU.Build.0 = Debug|Any CPU
		{6371F3A5-6CA5-4897-AF28-413AE36886A9}.Release|Any CPU.ActiveCfg = Release|Any CPU
		{6371F3A5-6CA5-4897-AF28-413AE36886A9}.Release|Any CPU.Build.0 = Release|Any CPU
		{48BC5351-6736-4D83-ABFD-21FC662D3C06}.Debug|Any CPU.ActiveCfg = Debug|Any CPU
		{48BC5351-6736-4D83-ABFD-21FC662D3C06}.Debug|Any CPU.Build.0 = Debug|Any CPU
		{48BC5351-6736-4D83-ABFD-21FC662D3C06}.Release|Any CPU.ActiveCfg = Release|Any CPU
		{48BC5351-6736-4D83-ABFD-21FC662D3C06}.Release|Any CPU.Build.0 = Release|Any CPU
		{740A9706-2777-461D-BBAE-8617FB1CC0B1}.Debug|Any CPU.ActiveCfg = Debug|Any CPU
		{740A9706-2777-461D-BBAE-8617FB1CC0B1}.Debug|Any CPU.Build.0 = Debug|Any CPU
		{740A9706-2777-461D-BBAE-8617FB1CC0B1}.Release|Any CPU.ActiveCfg = Release|Any CPU
		{740A9706-2777-461D-BBAE-8617FB1CC0B1}.Release|Any CPU.Build.0 = Release|Any CPU
		{85A39199-BB5A-42BE-9A44-2BE541216911}.Debug|Any CPU.ActiveCfg = Debug|Any CPU
		{85A39199-BB5A-42BE-9A44-2BE541216911}.Debug|Any CPU.Build.0 = Debug|Any CPU
		{85A39199-BB5A-42BE-9A44-2BE541216911}.Release|Any CPU.ActiveCfg = Release|Any CPU
		{85A39199-BB5A-42BE-9A44-2BE541216911}.Release|Any CPU.Build.0 = Release|Any CPU
	EndGlobalSection
	GlobalSection(SolutionProperties) = preSolution
		HideSolutionNode = FALSE
	EndGlobalSection
	GlobalSection(ExtensibilityGlobals) = postSolution
		SolutionGuid = {72A8B1B1-04AF-4646-8F2C-F4A0016A5DB4}
	EndGlobalSection
EndGlobal
